
Microsoft Visual Studio Solution File, Format Version 12.00
# Visual Studio Version 16
VisualStudioVersion = 25.0.1706.10
MinimumVisualStudioVersion = 10.0.40219.1
Project("{FAE04EC0-301F-11D3-BF4B-00C04F79EFBC}") = "BucketListMODEL", "BucketListMODEL\BucketListMODEL.csproj", "{014C2471-513F-4CDA-8CA9-67769CFB8FCA}"
EndProject
Project("{FAE04EC0-301F-11D3-BF4B-00C04F79EFBC}") = "BucketListBL", "BucketListBL\BucketListBL.csproj", "{09B8109C-CF99-45C7-A84E-C62EE41A5E9C}"
EndProject
Project("{FAE04EC0-301F-11D3-BF4B-00C04F79EFBC}") = "BucketListDL", "BucketListDL\BucketListDL.csproj", "{10D8784F-6E78-479F-88D7-61A141448439}"
EndProject
Project("{FAE04EC0-301F-11D3-BF4B-00C04F79EFBC}") = "BucketListUI", "BucketListUI\BucketListUI.csproj", "{E97C98E2-4EC6-4AA8-84CD-206C5585CDCB}"
EndProject
Global
	GlobalSection(SolutionConfigurationPlatforms) = preSolution
		Debug|Any CPU = Debug|Any CPU
		Release|Any CPU = Release|Any CPU
	EndGlobalSection
	GlobalSection(ProjectConfigurationPlatforms) = postSolution
		{014C2471-513F-4CDA-8CA9-67769CFB8FCA}.Debug|Any CPU.ActiveCfg = Debug|Any CPU
		{014C2471-513F-4CDA-8CA9-67769CFB8FCA}.Debug|Any CPU.Build.0 = Debug|Any CPU
		{014C2471-513F-4CDA-8CA9-67769CFB8FCA}.Release|Any CPU.ActiveCfg = Release|Any CPU
		{014C2471-513F-4CDA-8CA9-67769CFB8FCA}.Release|Any CPU.Build.0 = Release|Any CPU
		{09B8109C-CF99-45C7-A84E-C62EE41A5E9C}.Debug|Any CPU.ActiveCfg = Debug|Any CPU
		{09B8109C-CF99-45C7-A84E-C62EE41A5E9C}.Debug|Any CPU.Build.0 = Debug|Any CPU
		{09B8109C-CF99-45C7-A84E-C62EE41A5E9C}.Release|Any CPU.ActiveCfg = Release|Any CPU
		{09B8109C-CF99-45C7-A84E-C62EE41A5E9C}.Release|Any CPU.Build.0 = Release|Any CPU
		{10D8784F-6E78-479F-88D7-61A141448439}.Debug|Any CPU.ActiveCfg = Debug|Any CPU
		{10D8784F-6E78-479F-88D7-61A141448439}.Debug|Any CPU.Build.0 = Debug|Any CPU
		{10D8784F-6E78-479F-88D7-61A141448439}.Release|Any CPU.ActiveCfg = Release|Any CPU
		{10D8784F-6E78-479F-88D7-61A141448439}.Release|Any CPU.Build.0 = Release|Any CPU
		{E97C98E2-4EC6-4AA8-84CD-206C5585CDCB}.Debug|Any CPU.ActiveCfg = Debug|Any CPU
		{E97C98E2-4EC6-4AA8-84CD-206C5585CDCB}.Debug|Any CPU.Build.0 = Debug|Any CPU
		{E97C98E2-4EC6-4AA8-84CD-206C5585CDCB}.Release|Any CPU.ActiveCfg = Release|Any CPU
		{E97C98E2-4EC6-4AA8-84CD-206C5585CDCB}.Release|Any CPU.Build.0 = Release|Any CPU
	EndGlobalSection
	GlobalSection(SolutionProperties) = preSolution
		HideSolutionNode = FALSE
	EndGlobalSection
	GlobalSection(ExtensibilityGlobals) = postSolution
		SolutionGuid = {69F74B6D-D74A-45F3-9EB0-53A98FBAD2DD}
	EndGlobalSection
EndGlobal
